
Microsoft Visual Studio Solution File, Format Version 12.00
# Visual Studio Version 17
VisualStudioVersion = 17.5.002.0
MinimumVisualStudioVersion = 10.0.40219.1
Project("{9A19103F-16F7-4668-BE54-9A1E7A4F7556}") = "Cors.App", "Cors.App\Cors.App.csproj", "{BBFEDEF3-467F-472B-9C8D-DBC47B9C40C1}"
EndProject
Project("{9A19103F-16F7-4668-BE54-9A1E7A4F7556}") = "Cors.WebApi", "Cors.WebApi\Cors.WebApi.csproj", "{1FA5720D-9B67-433A-90D9-68F66DC147EC}"
EndProject
Global
	GlobalSection(SolutionConfigurationPlatforms) = preSolution
		Debug|Any CPU = Debug|Any CPU
		Release|Any CPU = Release|Any CPU
	EndGlobalSection
	GlobalSection(ProjectConfigurationPlatforms) = postSolution
		{BBFEDEF3-467F-472B-9C8D-DBC47B9C40C1}.Debug|Any CPU.ActiveCfg = Debug|Any CPU
		{BBFEDEF3-467F-472B-9C8D-DBC47B9C40C1}.Debug|Any CPU.Build.0 = Debug|Any CPU
		{BBFEDEF3-467F-472B-9C8D-DBC47B9C40C1}.Release|Any CPU.ActiveCfg = Release|Any CPU
		{BBFEDEF3-467F-472B-9C8D-DBC47B9C40C1}.Release|Any CPU.Build.0 = Release|Any CPU
		{1FA5720D-9B67-433A-90D9-68F66DC147EC}.Debug|Any CPU.ActiveCfg = Debug|Any CPU
		{1FA5720D-9B67-433A-90D9-68F66DC147EC}.Debug|Any CPU.Build.0 = Debug|Any CPU
		{1FA5720D-9B67-433A-90D9-68F66DC147EC}.Release|Any CPU.ActiveCfg = Release|Any CPU
		{1FA5720D-9B67-433A-90D9-68F66DC147EC}.Release|Any CPU.Build.0 = Release|Any CPU
	EndGlobalSection
	GlobalSection(SolutionProperties) = preSolution
		HideSolutionNode = FALSE
	EndGlobalSection
	GlobalSection(ExtensibilityGlobals) = postSolution
		SolutionGuid = {6FFB0F6A-B106-4670-A207-A29ED8E4681D}
	EndGlobalSection
EndGlobal
